
Microsoft Visual Studio Solution File, Format Version 12.00
# Visual Studio Version 17
VisualStudioVersion = 17.1.32113.165
MinimumVisualStudioVersion = 10.0.40219.1
Project("{FAE04EC0-301F-11D3-BF4B-00C04F79EFBC}") = "NotificationClient", "UwpNotification\NotificationClient.csproj", "{852015FF-5205-4F92-AB5A-190F59CBD5AE}"
EndProject
Project("{FAE04EC0-301F-11D3-BF4B-00C04F79EFBC}") = "NotificationServer", "NotificationServer\NotificationServer.csproj", "{BE666360-078A-42CD-9A87-554589F3B136}"
EndProject
Project("{FAE04EC0-301F-11D3-BF4B-00C04F79EFBC}") = "Notification.Core", "Notification.Core\Notification.Core.csproj", "{50D0F3B1-6286-4683-A001-4CC3A8077EFF}"
EndProject
Global
	GlobalSection(SolutionConfigurationPlatforms) = preSolution
		Debug|Any CPU = Debug|Any CPU
		Debug|ARM = Debug|ARM
		Debug|ARM64 = Debug|ARM64
		Debug|x64 = Debug|x64
		Debug|x86 = Debug|x86
		Release|Any CPU = Release|Any CPU
		Release|ARM = Release|ARM
		Release|ARM64 = Release|ARM64
		Release|x64 = Release|x64
		Release|x86 = Release|x86
	EndGlobalSection
	GlobalSection(ProjectConfigurationPlatforms) = postSolution
		{852015FF-5205-4F92-AB5A-190F59CBD5AE}.Debug|Any CPU.ActiveCfg = Debug|x64
		{852015FF-5205-4F92-AB5A-190F59CBD5AE}.Debug|Any CPU.Build.0 = Debug|x64
		{852015FF-5205-4F92-AB5A-190F59CBD5AE}.Debug|Any CPU.Deploy.0 = Debug|x64
		{852015FF-5205-4F92-AB5A-190F59CBD5AE}.Debug|ARM.ActiveCfg = Debug|ARM
		{852015FF-5205-4F92-AB5A-190F59CBD5AE}.Debug|ARM.Build.0 = Debug|ARM
		{852015FF-5205-4F92-AB5A-190F59CBD5AE}.Debug|ARM.Deploy.0 = Debug|ARM
		{852015FF-5205-4F92-AB5A-190F59CBD5AE}.Debug|ARM64.ActiveCfg = Debug|ARM64
		{852015FF-5205-4F92-AB5A-190F59CBD5AE}.Debug|ARM64.Build.0 = Debug|ARM64
		{852015FF-5205-4F92-AB5A-190F59CBD5AE}.Debug|ARM64.Deploy.0 = Debug|ARM64
		{852015FF-5205-4F92-AB5A-190F59CBD5AE}.Debug|x64.ActiveCfg = Debug|x64
		{852015FF-5205-4F92-AB5A-190F59CBD5AE}.Debug|x64.Build.0 = Debug|x64
		{852015FF-5205-4F92-AB5A-190F59CBD5AE}.Debug|x64.Deploy.0 = Debug|x64
		{852015FF-5205-4F92-AB5A-190F59CBD5AE}.Debug|x86.ActiveCfg = Debug|x86
		{852015FF-5205-4F92-AB5A-190F59CBD5AE}.Debug|x86.Build.0 = Debug|x86
		{852015FF-5205-4F92-AB5A-190F59CBD5AE}.Debug|x86.Deploy.0 = Debug|x86
		{852015FF-5205-4F92-AB5A-190F59CBD5AE}.Release|Any CPU.ActiveCfg = Release|x64
		{852015FF-5205-4F92-AB5A-190F59CBD5AE}.Release|Any CPU.Build.0 = Release|x64
		{852015FF-5205-4F92-AB5A-190F59CBD5AE}.Release|Any CPU.Deploy.0 = Release|x64
		{852015FF-5205-4F92-AB5A-190F59CBD5AE}.Release|ARM.ActiveCfg = Release|ARM
		{852015FF-5205-4F92-AB5A-190F59CBD5AE}.Release|ARM.Build.0 = Release|ARM
		{852015FF-5205-4F92-AB5A-190F59CBD5AE}.Release|ARM.Deploy.0 = Release|ARM
		{852015FF-5205-4F92-AB5A-190F59CBD5AE}.Release|ARM64.ActiveCfg = Release|ARM64
		{852015FF-5205-4F92-AB5A-190F59CBD5AE}.Release|ARM64.Build.0 = Release|ARM64
		{852015FF-5205-4F92-AB5A-190F59CBD5AE}.Release|ARM64.Deploy.0 = Release|ARM64
		{852015FF-5205-4F92-AB5A-190F59CBD5AE}.Release|x64.ActiveCfg = Release|x64
		{852015FF-5205-4F92-AB5A-190F59CBD5AE}.Release|x64.Build.0 = Release|x64
		{852015FF-5205-4F92-AB5A-190F59CBD5AE}.Release|x64.Deploy.0 = Release|x64
		{852015FF-5205-4F92-AB5A-190F59CBD5AE}.Release|x86.ActiveCfg = Release|x86
		{852015FF-5205-4F92-AB5A-190F59CBD5AE}.Release|x86.Build.0 = Release|x86
		{852015FF-5205-4F92-AB5A-190F59CBD5AE}.Release|x86.Deploy.0 = Release|x86
		{BE666360-078A-42CD-9A87-554589F3B136}.Debug|Any CPU.ActiveCfg = Debug|Any CPU
		{BE666360-078A-42CD-9A87-554589F3B136}.Debug|Any CPU.Build.0 = Debug|Any CPU
		{BE666360-078A-42CD-9A87-554589F3B136}.Debug|ARM.ActiveCfg = Debug|Any CPU
		{BE666360-078A-42CD-9A87-554589F3B136}.Debug|ARM.Build.0 = Debug|Any CPU
		{BE666360-078A-42CD-9A87-554589F3B136}.Debug|ARM64.ActiveCfg = Debug|Any CPU
		{BE666360-078A-42CD-9A87-554589F3B136}.Debug|ARM64.Build.0 = Debug|Any CPU
		{BE666360-078A-42CD-9A87-554589F3B136}.Debug|x64.ActiveCfg = Debug|Any CPU
		{BE666360-078A-42CD-9A87-554589F3B136}.Debug|x64.Build.0 = Debug|Any CPU
		{BE666360-078A-42CD-9A87-554589F3B136}.Debug|x86.ActiveCfg = Debug|Any CPU
		{BE666360-078A-42CD-9A87-554589F3B136}.Debug|x86.Build.0 = Debug|Any CPU
		{BE666360-078A-42CD-9A87-554589F3B136}.Release|Any CPU.ActiveCfg = Release|Any CPU
		{BE666360-078A-42CD-9A87-554589F3B136}.Release|Any CPU.Build.0 = Release|Any CPU
		{BE666360-078A-42CD-9A87-554589F3B136}.Release|ARM.ActiveCfg = Release|Any CPU
		{BE666360-078A-42CD-9A87-554589F3B136}.Release|ARM.Build.0 = Release|Any CPU
		{BE666360-078A-42CD-9A87-554589F3B136}.Release|ARM64.ActiveCfg = Release|Any CPU
		{BE666360-078A-42CD-9A87-554589F3B136}.Release|ARM64.Build.0 = Release|Any CPU
		{BE666360-078A-42CD-9A87-554589F3B136}.Release|x64.ActiveCfg = Release|Any CPU
		{BE666360-078A-42CD-9A87-554589F3B136}.Release|x64.Build.0 = Release|Any CPU
		{BE666360-078A-42CD-9A87-554589F3B136}.Release|x86.ActiveCfg = Release|Any CPU
		{BE666360-078A-42CD-9A87-554589F3B136}.Release|x86.Build.0 = Release|Any CPU
		{50D0F3B1-6286-4683-A001-4CC3A8077EFF}.Debug|Any CPU.ActiveCfg = Debug|Any CPU
		{50D0F3B1-6286-4683-A001-4CC3A8077EFF}.Debug|Any CPU.Build.0 = Debug|Any CPU
		{50D0F3B1-6286-4683-A001-4CC3A8077EFF}.Debug|ARM.ActiveCfg = Debug|Any CPU
		{50D0F3B1-6286-4683-A001-4CC3A8077EFF}.Debug|ARM.Build.0 = Debug|Any CPU
		{50D0F3B1-6286-4683-A001-4CC3A8077EFF}.Debug|ARM64.ActiveCfg = Debug|Any CPU
		{50D0F3B1-6286-4683-A001-4CC3A8077EFF}.Debug|ARM64.Build.0 = Debug|Any CPU
		{50D0F3B1-6286-4683-A001-4CC3A8077EFF}.Debug|x64.ActiveCfg = Debug|Any CPU
		{50D0F3B1-6286-4683-A001-4CC3A8077EFF}.Debug|x64.Build.0 = Debug|Any CPU
		{50D0F3B1-6286-4683-A001-4CC3A8077EFF}.Debug|x86.ActiveCfg = Debug|Any CPU
		{50D0F3B1-6286-4683-A001-4CC3A8077EFF}.Debug|x86.Build.0 = Debug|Any CPU
		{50D0F3B1-6286-4683-A001-4CC3A8077EFF}.Release|Any CPU.ActiveCfg = Release|Any CPU
		{50D0F3B1-6286-4683-A001-4CC3A8077EFF}.Release|Any CPU.Build.0 = Release|Any CPU
		{50D0F3B1-6286-4683-A001-4CC3A8077EFF}.Release|ARM.ActiveCfg = Release|Any CPU
		{50D0F3B1-6286-4683-A001-4CC3A8077EFF}.Release|ARM.Build.0 = Release|Any CPU
		{50D0F3B1-6286-4683-A001-4CC3A8077EFF}.Release|ARM64.ActiveCfg = Release|Any CPU
		{50D0F3B1-6286-4683-A001-4CC3A8077EFF}.Release|ARM64.Build.0 = Release|Any CPU
		{50D0F3B1-6286-4683-A001-4CC3A8077EFF}.Release|x64.ActiveCfg = Release|Any CPU
		{50D0F3B1-6286-4683-A001-4CC3A8077EFF}.Release|x64.Build.0 = Release|Any CPU
		{50D0F3B1-6286-4683-A001-4CC3A8077EFF}.Release|x86.ActiveCfg = Release|Any CPU
		{50D0F3B1-6286-4683-A001-4CC3A8077EFF}.Release|x86.Build.0 = Release|Any CPU
	EndGlobalSection
	GlobalSection(SolutionProperties) = preSolution
		HideSolutionNode = FALSE
	EndGlobalSection
	GlobalSection(ExtensibilityGlobals) = postSolution
		SolutionGuid = {796FA2B7-B67F-42D9-B429-D554B62BBA7F}
	EndGlobalSection
EndGlobal
